// !$*UTF8*$!
{
	archiveVersion = 1;
	classes = {
	};
	objectVersion = 56;
	objects = {

/* Begin PBXBuildFile section */
		0078A34A2C0C8045000978B1 /* ProductCollectionViewCell.swift in Sources */ = {isa = PBXBuildFile; fileRef = 0078A3482C0C8045000978B1 /* ProductCollectionViewCell.swift */; };
		009D4A722C1867940039E7B0 /* HomeViewModel.swift in Sources */ = {isa = PBXBuildFile; fileRef = 009D4A712C1867940039E7B0 /* HomeViewModel.swift */; };
		009D4A742C1868120039E7B0 /* ProductsViewController.swift in Sources */ = {isa = PBXBuildFile; fileRef = 009D4A732C1868120039E7B0 /* ProductsViewController.swift */; };
		00AC04992C19AFF000C14148 /* CategoriesViewController.swift in Sources */ = {isa = PBXBuildFile; fileRef = 00AC04982C19AFF000C14148 /* CategoriesViewController.swift */; };
		00C325862C084A5900422141 /* OrdersTableViewCell.xib in Resources */ = {isa = PBXBuildFile; fileRef = 00C325842C084A5900422141 /* OrdersTableViewCell.xib */; };
		00DF67142C186AA000734F38 /* Brands.swift in Sources */ = {isa = PBXBuildFile; fileRef = 00DF67132C186AA000734F38 /* Brands.swift */; };
		00DF67162C186AAA00734F38 /* Products.swift in Sources */ = {isa = PBXBuildFile; fileRef = 00DF67152C186AAA00734F38 /* Products.swift */; };
		00DF67182C186AB800734F38 /* Categories.swift in Sources */ = {isa = PBXBuildFile; fileRef = 00DF67172C186AB800734F38 /* Categories.swift */; };
		00DF671B2C186B2900734F38 /* Constants.swift in Sources */ = {isa = PBXBuildFile; fileRef = 00DF671A2C186B2900734F38 /* Constants.swift */; };
		00DF671D2C186B4B00734F38 /* Part1.storyboard in Resources */ = {isa = PBXBuildFile; fileRef = 00DF671C2C186B4B00734F38 /* Part1.storyboard */; };
		00DF67222C186DEF00734F38 /* ProducCollectionViewCell.swift in Sources */ = {isa = PBXBuildFile; fileRef = 00DF67202C186DEF00734F38 /* ProducCollectionViewCell.swift */; };
		00DF67232C186DEF00734F38 /* ProducCollectionViewCell.xib in Resources */ = {isa = PBXBuildFile; fileRef = 00DF67212C186DEF00734F38 /* ProducCollectionViewCell.xib */; };
		3805635C2C15F3F300985A90 /* UserDefaultManager.swift in Sources */ = {isa = PBXBuildFile; fileRef = 3805635B2C15F3F300985A90 /* UserDefaultManager.swift */; };
		38A805F82C0DE7EA00DCF52D /* GoogleService-Info.plist in Resources */ = {isa = PBXBuildFile; fileRef = 38A805F72C0DE7EA00DCF52D /* GoogleService-Info.plist */; };
		38F312A92C15A51900A0112B /* Alamofire in Frameworks */ = {isa = PBXBuildFile; productRef = 38F312A82C15A51900A0112B /* Alamofire */; };
		38F312AD2C15A58800A0112B /* SignupViewModel.swift in Sources */ = {isa = PBXBuildFile; fileRef = 38F312AC2C15A58800A0112B /* SignupViewModel.swift */; };
		38F312B02C15A60300A0112B /* CustomerData.swift in Sources */ = {isa = PBXBuildFile; fileRef = 38F312AF2C15A60300A0112B /* CustomerData.swift */; };
		38F312B22C15A63300A0112B /* PostedCustomerResponse.swift in Sources */ = {isa = PBXBuildFile; fileRef = 38F312B12C15A63300A0112B /* PostedCustomerResponse.swift */; };
		38F312B42C15A65F00A0112B /* DraftOrders.swift in Sources */ = {isa = PBXBuildFile; fileRef = 38F312B32C15A65F00A0112B /* DraftOrders.swift */; };
		38F312B62C15A68900A0112B /* SignupViewController.swift in Sources */ = {isa = PBXBuildFile; fileRef = 38F312B52C15A68900A0112B /* SignupViewController.swift */; };
		38F312BD2C15B06A00A0112B /* LoginViewController.swift in Sources */ = {isa = PBXBuildFile; fileRef = 38F312BC2C15B06A00A0112B /* LoginViewController.swift */; };
		38F312BF2C15B1E300A0112B /* LoginViewModel.swift in Sources */ = {isa = PBXBuildFile; fileRef = 38F312BE2C15B1E300A0112B /* LoginViewModel.swift */; };
		38F312C32C15BF5C00A0112B /* AllCustomerResponse.swift in Sources */ = {isa = PBXBuildFile; fileRef = 38F312C22C15BF5C00A0112B /* AllCustomerResponse.swift */; };
		D30AB6922C032CA300C61F99 /* AppDelegate.swift in Sources */ = {isa = PBXBuildFile; fileRef = D30AB6912C032CA300C61F99 /* AppDelegate.swift */; };
		D30AB6942C032CA300C61F99 /* SceneDelegate.swift in Sources */ = {isa = PBXBuildFile; fileRef = D30AB6932C032CA300C61F99 /* SceneDelegate.swift */; };
		D30AB6962C032CA300C61F99 /* ViewController.swift in Sources */ = {isa = PBXBuildFile; fileRef = D30AB6952C032CA300C61F99 /* ViewController.swift */; };
		D30AB69B2C032CA500C61F99 /* Assets.xcassets in Resources */ = {isa = PBXBuildFile; fileRef = D30AB69A2C032CA500C61F99 /* Assets.xcassets */; };
		D30AB69E2C032CA500C61F99 /* Base in Resources */ = {isa = PBXBuildFile; fileRef = D30AB69D2C032CA500C61F99 /* Base */; };
		D30AB6A82C032CC800C61F99 /* Part2.storyboard in Resources */ = {isa = PBXBuildFile; fileRef = D30AB6A72C032CC800C61F99 /* Part2.storyboard */; };
		D30AB6AA2C032CD300C61F99 /* Part3.storyboard in Resources */ = {isa = PBXBuildFile; fileRef = D30AB6A92C032CD300C61F99 /* Part3.storyboard */; };
		D30AB6AE2C035FF800C61F99 /* Main.storyboard in Resources */ = {isa = PBXBuildFile; fileRef = D30AB6AD2C035FF800C61F99 /* Main.storyboard */; };
		D33121B52C17599E005C6E27 /* Kingfisher in Frameworks */ = {isa = PBXBuildFile; productRef = D33121B42C17599E005C6E27 /* Kingfisher */; };
		D33121B82C175C90005C6E27 /* FirebaseAnalyticsSwift in Frameworks */ = {isa = PBXBuildFile; productRef = D33121B72C175C90005C6E27 /* FirebaseAnalyticsSwift */; };
		D33121BA2C175C90005C6E27 /* FirebaseAuth in Frameworks */ = {isa = PBXBuildFile; productRef = D33121B92C175C90005C6E27 /* FirebaseAuth */; };
		D33121E32C178E74005C6E27 /* BrandCollectionViewCell.swift in Sources */ = {isa = PBXBuildFile; fileRef = D33121E22C178E74005C6E27 /* BrandCollectionViewCell.swift */; };
		D33121E52C178EA6005C6E27 /* HomeScViewController.swift in Sources */ = {isa = PBXBuildFile; fileRef = D33121E42C178EA6005C6E27 /* HomeScViewController.swift */; };
		D3A4FF202C08775A002D3381 /* CustomShoppingCartCellTableViewCell.xib in Resources */ = {isa = PBXBuildFile; fileRef = D3A4FF1F2C08775A002D3381 /* CustomShoppingCartCellTableViewCell.xib */; };
		D3A4FF222C087768002D3381 /* CustomAddreesCell.xib in Resources */ = {isa = PBXBuildFile; fileRef = D3A4FF212C087768002D3381 /* CustomAddreesCell.xib */; };
		D3A4FF242C087773002D3381 /* CustomShoppingCartCellTableViewCell.swift in Sources */ = {isa = PBXBuildFile; fileRef = D3A4FF232C087773002D3381 /* CustomShoppingCartCellTableViewCell.swift */; };
		D3AAA7012C0DD5A0006006B7 /* SettingsViewControllerTableViewController.swift in Sources */ = {isa = PBXBuildFile; fileRef = D3AAA7002C0DD5A0006006B7 /* SettingsViewControllerTableViewController.swift */; };
		D3AAA7092C0DD646006006B7 /* AddAddressInfoViewController.swift in Sources */ = {isa = PBXBuildFile; fileRef = D3AAA7082C0DD646006006B7 /* AddAddressInfoViewController.swift */; };
		D3AAA70B2C0DDDD6006006B7 /* AddAddressViewModel.swift in Sources */ = {isa = PBXBuildFile; fileRef = D3AAA70A2C0DDDD6006006B7 /* AddAddressViewModel.swift */; };
		D3AAA70D2C0DDE05006006B7 /* AddressModel.swift in Sources */ = {isa = PBXBuildFile; fileRef = D3AAA70C2C0DDE05006006B7 /* AddressModel.swift */; };
		D3AAA7102C0DDE8D006006B7 /* NetworkHandler.swift in Sources */ = {isa = PBXBuildFile; fileRef = D3AAA70F2C0DDE8D006006B7 /* NetworkHandler.swift */; };
		D3AAA7122C0DDF5A006006B7 /* UserAddressesViewModel.swift in Sources */ = {isa = PBXBuildFile; fileRef = D3AAA7112C0DDF5A006006B7 /* UserAddressesViewModel.swift */; };
		D3AAA7142C0DDFB2006006B7 /* CustomAddreesCell.swift in Sources */ = {isa = PBXBuildFile; fileRef = D3AAA7132C0DDFB2006006B7 /* CustomAddreesCell.swift */; };
		D3ABCBAD2C13AE9500DB7CB6 /* VarientModel.swift in Sources */ = {isa = PBXBuildFile; fileRef = D3ABCBAC2C13AE9500DB7CB6 /* VarientModel.swift */; };
		D3B0B22C2C1353ED00623670 /* ShoppingCartViewController.swift in Sources */ = {isa = PBXBuildFile; fileRef = D3B0B22B2C1353ED00623670 /* ShoppingCartViewController.swift */; };
		D3B0B22E2C13544300623670 /* ShopingCartViewModel.swift in Sources */ = {isa = PBXBuildFile; fileRef = D3B0B22D2C13544300623670 /* ShopingCartViewModel.swift */; };
		D3B0B2302C13545A00623670 /* ShopingCartModel.swift in Sources */ = {isa = PBXBuildFile; fileRef = D3B0B22F2C13545A00623670 /* ShopingCartModel.swift */; };
		D3BDBBBC2C0FE6520064F9D2 /* SettingsViewModel.swift in Sources */ = {isa = PBXBuildFile; fileRef = D3BDBBBB2C0FE6520064F9D2 /* SettingsViewModel.swift */; };
		D3D26D0B2C0BD39A00253D01 /* UserAddressesViewController.swift in Sources */ = {isa = PBXBuildFile; fileRef = D3D26D0A2C0BD39A00253D01 /* UserAddressesViewController.swift */; };
/* End PBXBuildFile section */

/* Begin PBXFileReference section */
		0078A3482C0C8045000978B1 /* ProductCollectionViewCell.swift */ = {isa = PBXFileReference; lastKnownFileType = sourcecode.swift; path = ProductCollectionViewCell.swift; sourceTree = "<group>"; };
		0078A3492C0C8045000978B1 /* ProductCollectionViewCell.xib */ = {isa = PBXFileReference; lastKnownFileType = file.xib; path = ProductCollectionViewCell.xib; sourceTree = "<group>"; };
		009D4A712C1867940039E7B0 /* HomeViewModel.swift */ = {isa = PBXFileReference; lastKnownFileType = sourcecode.swift; path = HomeViewModel.swift; sourceTree = "<group>"; };
		009D4A732C1868120039E7B0 /* ProductsViewController.swift */ = {isa = PBXFileReference; lastKnownFileType = sourcecode.swift; path = ProductsViewController.swift; sourceTree = "<group>"; };
		00AC04982C19AFF000C14148 /* CategoriesViewController.swift */ = {isa = PBXFileReference; lastKnownFileType = sourcecode.swift; path = CategoriesViewController.swift; sourceTree = "<group>"; };
		00C325832C084A5900422141 /* OrdersTableViewCell.swift */ = {isa = PBXFileReference; lastKnownFileType = sourcecode.swift; path = OrdersTableViewCell.swift; sourceTree = "<group>"; };
		00C325842C084A5900422141 /* OrdersTableViewCell.xib */ = {isa = PBXFileReference; lastKnownFileType = file.xib; path = OrdersTableViewCell.xib; sourceTree = "<group>"; };
		00DF67132C186AA000734F38 /* Brands.swift */ = {isa = PBXFileReference; lastKnownFileType = sourcecode.swift; path = Brands.swift; sourceTree = "<group>"; };
		00DF67152C186AAA00734F38 /* Products.swift */ = {isa = PBXFileReference; lastKnownFileType = sourcecode.swift; path = Products.swift; sourceTree = "<group>"; };
		00DF67172C186AB800734F38 /* Categories.swift */ = {isa = PBXFileReference; lastKnownFileType = sourcecode.swift; path = Categories.swift; sourceTree = "<group>"; };
		00DF671A2C186B2900734F38 /* Constants.swift */ = {isa = PBXFileReference; lastKnownFileType = sourcecode.swift; path = Constants.swift; sourceTree = "<group>"; };
		00DF671C2C186B4B00734F38 /* Part1.storyboard */ = {isa = PBXFileReference; lastKnownFileType = file.storyboard; path = Part1.storyboard; sourceTree = "<group>"; };
		00DF67202C186DEF00734F38 /* ProducCollectionViewCell.swift */ = {isa = PBXFileReference; lastKnownFileType = sourcecode.swift; path = ProducCollectionViewCell.swift; sourceTree = "<group>"; };
		00DF67212C186DEF00734F38 /* ProducCollectionViewCell.xib */ = {isa = PBXFileReference; lastKnownFileType = file.xib; path = ProducCollectionViewCell.xib; sourceTree = "<group>"; };
		3805635B2C15F3F300985A90 /* UserDefaultManager.swift */ = {isa = PBXFileReference; lastKnownFileType = sourcecode.swift; path = UserDefaultManager.swift; sourceTree = "<group>"; };
		38A805F72C0DE7EA00DCF52D /* GoogleService-Info.plist */ = {isa = PBXFileReference; fileEncoding = 4; lastKnownFileType = text.plist.xml; name = "GoogleService-Info.plist"; path = "../../../Downloads/GoogleService-Info.plist"; sourceTree = "<group>"; };
		38F312AC2C15A58800A0112B /* SignupViewModel.swift */ = {isa = PBXFileReference; lastKnownFileType = sourcecode.swift; path = SignupViewModel.swift; sourceTree = "<group>"; };
		38F312AF2C15A60300A0112B /* CustomerData.swift */ = {isa = PBXFileReference; lastKnownFileType = sourcecode.swift; path = CustomerData.swift; sourceTree = "<group>"; };
		38F312B12C15A63300A0112B /* PostedCustomerResponse.swift */ = {isa = PBXFileReference; lastKnownFileType = sourcecode.swift; path = PostedCustomerResponse.swift; sourceTree = "<group>"; };
		38F312B32C15A65F00A0112B /* DraftOrders.swift */ = {isa = PBXFileReference; lastKnownFileType = sourcecode.swift; path = DraftOrders.swift; sourceTree = "<group>"; };
		38F312B52C15A68900A0112B /* SignupViewController.swift */ = {isa = PBXFileReference; lastKnownFileType = sourcecode.swift; path = SignupViewController.swift; sourceTree = "<group>"; };
		38F312BC2C15B06A00A0112B /* LoginViewController.swift */ = {isa = PBXFileReference; lastKnownFileType = sourcecode.swift; path = LoginViewController.swift; sourceTree = "<group>"; };
		38F312BE2C15B1E300A0112B /* LoginViewModel.swift */ = {isa = PBXFileReference; lastKnownFileType = sourcecode.swift; path = LoginViewModel.swift; sourceTree = "<group>"; };
		38F312C22C15BF5C00A0112B /* AllCustomerResponse.swift */ = {isa = PBXFileReference; lastKnownFileType = sourcecode.swift; path = AllCustomerResponse.swift; sourceTree = "<group>"; };
		D30AB68E2C032CA300C61F99 /* ShopifyApp.app */ = {isa = PBXFileReference; explicitFileType = wrapper.application; includeInIndex = 0; path = ShopifyApp.app; sourceTree = BUILT_PRODUCTS_DIR; };
		D30AB6912C032CA300C61F99 /* AppDelegate.swift */ = {isa = PBXFileReference; lastKnownFileType = sourcecode.swift; path = AppDelegate.swift; sourceTree = "<group>"; };
		D30AB6932C032CA300C61F99 /* SceneDelegate.swift */ = {isa = PBXFileReference; lastKnownFileType = sourcecode.swift; path = SceneDelegate.swift; sourceTree = "<group>"; };
		D30AB6952C032CA300C61F99 /* ViewController.swift */ = {isa = PBXFileReference; lastKnownFileType = sourcecode.swift; path = ViewController.swift; sourceTree = "<group>"; };
		D30AB69A2C032CA500C61F99 /* Assets.xcassets */ = {isa = PBXFileReference; lastKnownFileType = folder.assetcatalog; path = Assets.xcassets; sourceTree = "<group>"; };
		D30AB69D2C032CA500C61F99 /* Base */ = {isa = PBXFileReference; lastKnownFileType = file.storyboard; name = Base; path = Base.lproj/LaunchScreen.storyboard; sourceTree = "<group>"; };
		D30AB69F2C032CA500C61F99 /* Info.plist */ = {isa = PBXFileReference; lastKnownFileType = text.plist.xml; path = Info.plist; sourceTree = "<group>"; };
		D30AB6A72C032CC800C61F99 /* Part2.storyboard */ = {isa = PBXFileReference; lastKnownFileType = file.storyboard; path = Part2.storyboard; sourceTree = "<group>"; };
		D30AB6A92C032CD300C61F99 /* Part3.storyboard */ = {isa = PBXFileReference; lastKnownFileType = file.storyboard; path = Part3.storyboard; sourceTree = "<group>"; };
		D30AB6AD2C035FF800C61F99 /* Main.storyboard */ = {isa = PBXFileReference; lastKnownFileType = file.storyboard; path = Main.storyboard; sourceTree = "<group>"; };
		D33121E22C178E74005C6E27 /* BrandCollectionViewCell.swift */ = {isa = PBXFileReference; lastKnownFileType = sourcecode.swift; path = BrandCollectionViewCell.swift; sourceTree = "<group>"; };
		D33121E42C178EA6005C6E27 /* HomeScViewController.swift */ = {isa = PBXFileReference; lastKnownFileType = sourcecode.swift; path = HomeScViewController.swift; sourceTree = "<group>"; };
		D3A4FF1F2C08775A002D3381 /* CustomShoppingCartCellTableViewCell.xib */ = {isa = PBXFileReference; fileEncoding = 4; lastKnownFileType = file.xib; path = CustomShoppingCartCellTableViewCell.xib; sourceTree = "<group>"; };
		D3A4FF212C087768002D3381 /* CustomAddreesCell.xib */ = {isa = PBXFileReference; fileEncoding = 4; lastKnownFileType = file.xib; path = CustomAddreesCell.xib; sourceTree = "<group>"; };
		D3A4FF232C087773002D3381 /* CustomShoppingCartCellTableViewCell.swift */ = {isa = PBXFileReference; fileEncoding = 4; lastKnownFileType = sourcecode.swift; path = CustomShoppingCartCellTableViewCell.swift; sourceTree = "<group>"; };
		D3AAA7002C0DD5A0006006B7 /* SettingsViewControllerTableViewController.swift */ = {isa = PBXFileReference; lastKnownFileType = sourcecode.swift; path = SettingsViewControllerTableViewController.swift; sourceTree = "<group>"; };
		D3AAA7082C0DD646006006B7 /* AddAddressInfoViewController.swift */ = {isa = PBXFileReference; lastKnownFileType = sourcecode.swift; path = AddAddressInfoViewController.swift; sourceTree = "<group>"; };
		D3AAA70A2C0DDDD6006006B7 /* AddAddressViewModel.swift */ = {isa = PBXFileReference; lastKnownFileType = sourcecode.swift; path = AddAddressViewModel.swift; sourceTree = "<group>"; };
		D3AAA70C2C0DDE05006006B7 /* AddressModel.swift */ = {isa = PBXFileReference; lastKnownFileType = sourcecode.swift; path = AddressModel.swift; sourceTree = "<group>"; };
		D3AAA70F2C0DDE8D006006B7 /* NetworkHandler.swift */ = {isa = PBXFileReference; lastKnownFileType = sourcecode.swift; path = NetworkHandler.swift; sourceTree = "<group>"; };
		D3AAA7112C0DDF5A006006B7 /* UserAddressesViewModel.swift */ = {isa = PBXFileReference; lastKnownFileType = sourcecode.swift; path = UserAddressesViewModel.swift; sourceTree = "<group>"; };
		D3AAA7132C0DDFB2006006B7 /* CustomAddreesCell.swift */ = {isa = PBXFileReference; lastKnownFileType = sourcecode.swift; path = CustomAddreesCell.swift; sourceTree = "<group>"; };
		D3ABCBAC2C13AE9500DB7CB6 /* VarientModel.swift */ = {isa = PBXFileReference; lastKnownFileType = sourcecode.swift; path = VarientModel.swift; sourceTree = "<group>"; };
		D3AFACE72C08F13500182659 /* PaymentOptionsViewController.swift */ = {isa = PBXFileReference; lastKnownFileType = sourcecode.swift; path = PaymentOptionsViewController.swift; sourceTree = "<group>"; };
		D3AFACE92C08F18A00182659 /* PlaceOrderViewController.swift */ = {isa = PBXFileReference; lastKnownFileType = sourcecode.swift; path = PlaceOrderViewController.swift; sourceTree = "<group>"; };
		D3B0B22B2C1353ED00623670 /* ShoppingCartViewController.swift */ = {isa = PBXFileReference; lastKnownFileType = sourcecode.swift; path = ShoppingCartViewController.swift; sourceTree = "<group>"; };
		D3B0B22D2C13544300623670 /* ShopingCartViewModel.swift */ = {isa = PBXFileReference; lastKnownFileType = sourcecode.swift; path = ShopingCartViewModel.swift; sourceTree = "<group>"; };
		D3B0B22F2C13545A00623670 /* ShopingCartModel.swift */ = {isa = PBXFileReference; lastKnownFileType = sourcecode.swift; path = ShopingCartModel.swift; sourceTree = "<group>"; };
		D3B7ACC12C0A08BD00F76A7D /* ProfileViewController.swift */ = {isa = PBXFileReference; lastKnownFileType = sourcecode.swift; path = ProfileViewController.swift; sourceTree = "<group>"; };
		D3BDBBBB2C0FE6520064F9D2 /* SettingsViewModel.swift */ = {isa = PBXFileReference; lastKnownFileType = sourcecode.swift; path = SettingsViewModel.swift; sourceTree = "<group>"; };
		D3D26D0A2C0BD39A00253D01 /* UserAddressesViewController.swift */ = {isa = PBXFileReference; lastKnownFileType = sourcecode.swift; path = UserAddressesViewController.swift; sourceTree = "<group>"; };
/* End PBXFileReference section */

/* Begin PBXFrameworksBuildPhase section */
		D30AB68B2C032CA300C61F99 /* Frameworks */ = {
			isa = PBXFrameworksBuildPhase;
			buildActionMask = 2147483647;
			files = (
				D33121B52C17599E005C6E27 /* Kingfisher in Frameworks */,
				D33121BA2C175C90005C6E27 /* FirebaseAuth in Frameworks */,
				38F312A92C15A51900A0112B /* Alamofire in Frameworks */,
				D33121B82C175C90005C6E27 /* FirebaseAnalyticsSwift in Frameworks */,
			);
			runOnlyForDeploymentPostprocessing = 0;
		};
/* End PBXFrameworksBuildPhase section */

/* Begin PBXGroup section */
		0078A3452C0C7FE4000978B1 /* View */ = {
			isa = PBXGroup;
			children = (
				0078A3482C0C8045000978B1 /* ProductCollectionViewCell.swift */,
				0078A3492C0C8045000978B1 /* ProductCollectionViewCell.xib */,
			);
			path = View;
			sourceTree = "<group>";
		};
		009AB0342C03A15E0030366C /* Modules */ = {
			isa = PBXGroup;
			children = (
				00AC04962C19AFBF00C14148 /* CategoryScreen */,
				D33121C32C1782C5005C6E27 /* ProductScreen */,
				38F312C02C15B97B00A0112B /* Model */,
				38F312B72C15AF9B00A0112B /* Login */,
				38A805F42C0DD83900DCF52D /* SignUp */,
				0078A3452C0C7FE4000978B1 /* View */,
				D3B0B2272C1353A700623670 /* ShopingCartScreen  */,
				D3AAA7022C0DD5D7006006B7 /* AddAddressScreen */,
				D3AAA6FE2C0DD568006006B7 /* SettingScreen */,
				D3D26CFE2C0BD1D000253D01 /* AddressScreen */,
				00C325822C084A1400422141 /* OrdersScreen */,
				009AB0352C03A1670030366C /* HomeScreen */,
			);
			path = Modules;
			sourceTree = "<group>";
		};
		009AB0352C03A1670030366C /* HomeScreen */ = {
			isa = PBXGroup;
			children = (
				D33121C02C17828B005C6E27 /* ViewModel */,
				009AB0382C03AA020030366C /* View */,
			);
			path = HomeScreen;
			sourceTree = "<group>";
		};
		009AB0382C03AA020030366C /* View */ = {
			isa = PBXGroup;
			children = (
				D33121E22C178E74005C6E27 /* BrandCollectionViewCell.swift */,
				D33121E42C178EA6005C6E27 /* HomeScViewController.swift */,
			);
			path = View;
			sourceTree = "<group>";
		};
		00AC04962C19AFBF00C14148 /* CategoryScreen */ = {
			isa = PBXGroup;
			children = (
				00AC04972C19AFCC00C14148 /* View */,
			);
			path = CategoryScreen;
			sourceTree = "<group>";
		};
		00AC04972C19AFCC00C14148 /* View */ = {
			isa = PBXGroup;
			children = (
				00AC04982C19AFF000C14148 /* CategoriesViewController.swift */,
			);
			path = View;
			sourceTree = "<group>";
		};
		00C325822C084A1400422141 /* OrdersScreen */ = {
			isa = PBXGroup;
			children = (
				00C325832C084A5900422141 /* OrdersTableViewCell.swift */,
				00C325842C084A5900422141 /* OrdersTableViewCell.xib */,
			);
			path = OrdersScreen;
			sourceTree = "<group>";
		};
		00DF67122C186A9400734F38 /* Model */ = {
			isa = PBXGroup;
			children = (
				00DF67132C186AA000734F38 /* Brands.swift */,
				00DF67152C186AAA00734F38 /* Products.swift */,
				00DF67172C186AB800734F38 /* Categories.swift */,
			);
			path = Model;
			sourceTree = "<group>";
		};
		00DF67192C186AFA00734F38 /* Utility */ = {
			isa = PBXGroup;
			children = (
				00DF671A2C186B2900734F38 /* Constants.swift */,
			);
			path = Utility;
			sourceTree = "<group>";
		};
		38A805F42C0DD83900DCF52D /* SignUp */ = {
			isa = PBXGroup;
			children = (
				38F312AE2C15A5CE00A0112B /* Model */,
				38A806002C0DF37F00DCF52D /* ViewModel */,
				38A805F52C0DD84200DCF52D /* View */,
			);
			path = SignUp;
			sourceTree = "<group>";
		};
		38A805F52C0DD84200DCF52D /* View */ = {
			isa = PBXGroup;
			children = (
				38F312B52C15A68900A0112B /* SignupViewController.swift */,
			);
			path = View;
			sourceTree = "<group>";
		};
		38A806002C0DF37F00DCF52D /* ViewModel */ = {
			isa = PBXGroup;
			children = (
				38F312AC2C15A58800A0112B /* SignupViewModel.swift */,
			);
			path = ViewModel;
			sourceTree = "<group>";
		};
		38F312AE2C15A5CE00A0112B /* Model */ = {
			isa = PBXGroup;
			children = (
				38F312AF2C15A60300A0112B /* CustomerData.swift */,
				38F312B12C15A63300A0112B /* PostedCustomerResponse.swift */,
				38F312B32C15A65F00A0112B /* DraftOrders.swift */,
			);
			path = Model;
			sourceTree = "<group>";
		};
		38F312B72C15AF9B00A0112B /* Login */ = {
			isa = PBXGroup;
			children = (
				38F312C12C15BE0600A0112B /* Model */,
				38F312BB2C15AFFF00A0112B /* View */,
				38F312BA2C15AFF500A0112B /* ViewModel */,
			);
			path = Login;
			sourceTree = "<group>";
		};
		38F312BA2C15AFF500A0112B /* ViewModel */ = {
			isa = PBXGroup;
			children = (
				38F312BE2C15B1E300A0112B /* LoginViewModel.swift */,
			);
			path = ViewModel;
			sourceTree = "<group>";
		};
		38F312BB2C15AFFF00A0112B /* View */ = {
			isa = PBXGroup;
			children = (
				38F312BC2C15B06A00A0112B /* LoginViewController.swift */,
			);
			path = View;
			sourceTree = "<group>";
		};
		38F312C02C15B97B00A0112B /* Model */ = {
			isa = PBXGroup;
			children = (
				3805635B2C15F3F300985A90 /* UserDefaultManager.swift */,
			);
			path = Model;
			sourceTree = "<group>";
		};
		38F312C12C15BE0600A0112B /* Model */ = {
			isa = PBXGroup;
			children = (
				38F312C22C15BF5C00A0112B /* AllCustomerResponse.swift */,
			);
			path = Model;
			sourceTree = "<group>";
		};
		D30AB6852C032CA300C61F99 = {
			isa = PBXGroup;
			children = (
				D30AB6902C032CA300C61F99 /* ShopifyApp */,
				D30AB68F2C032CA300C61F99 /* Products */,
			);
			sourceTree = "<group>";
		};
		D30AB68F2C032CA300C61F99 /* Products */ = {
			isa = PBXGroup;
			children = (
				D30AB68E2C032CA300C61F99 /* ShopifyApp.app */,
			);
			name = Products;
			sourceTree = "<group>";
		};
		D30AB6902C032CA300C61F99 /* ShopifyApp */ = {
			isa = PBXGroup;
			children = (
				00DF67192C186AFA00734F38 /* Utility */,
				00DF67122C186A9400734F38 /* Model */,
				D3AAA70E2C0DDE7C006006B7 /* Services */,
				009AB0342C03A15E0030366C /* Modules */,
				D30AB6912C032CA300C61F99 /* AppDelegate.swift */,
				D30AB6932C032CA300C61F99 /* SceneDelegate.swift */,
				D3AFACE92C08F18A00182659 /* PlaceOrderViewController.swift */,
				D3B7ACC12C0A08BD00F76A7D /* ProfileViewController.swift */,
				D3AFACE72C08F13500182659 /* PaymentOptionsViewController.swift */,
				D30AB6952C032CA300C61F99 /* ViewController.swift */,
				D30AB6AC2C032D0700C61F99 /* Views */,
				D30AB6AD2C035FF800C61F99 /* Main.storyboard */,
				D30AB69A2C032CA500C61F99 /* Assets.xcassets */,
				38A805F72C0DE7EA00DCF52D /* GoogleService-Info.plist */,
				D30AB69C2C032CA500C61F99 /* LaunchScreen.storyboard */,
				D3A4FF212C087768002D3381 /* CustomAddreesCell.xib */,
				D3A4FF232C087773002D3381 /* CustomShoppingCartCellTableViewCell.swift */,
				D3A4FF1F2C08775A002D3381 /* CustomShoppingCartCellTableViewCell.xib */,
				D3AAA7132C0DDFB2006006B7 /* CustomAddreesCell.swift */,
				D30AB69F2C032CA500C61F99 /* Info.plist */,
			);
			path = ShopifyApp;
			sourceTree = "<group>";
		};
		D30AB6AC2C032D0700C61F99 /* Views */ = {
			isa = PBXGroup;
			children = (
				00DF671C2C186B4B00734F38 /* Part1.storyboard */,
				D30AB6A72C032CC800C61F99 /* Part2.storyboard */,
				D30AB6A92C032CD300C61F99 /* Part3.storyboard */,
			);
			path = Views;
			sourceTree = "<group>";
		};
		D33121C02C17828B005C6E27 /* ViewModel */ = {
			isa = PBXGroup;
			children = (
				009D4A712C1867940039E7B0 /* HomeViewModel.swift */,
			);
			path = ViewModel;
			sourceTree = "<group>";
		};
		D33121C32C1782C5005C6E27 /* ProductScreen */ = {
			isa = PBXGroup;
			children = (
				D33121C42C1782D0005C6E27 /* View */,
			);
			path = ProductScreen;
			sourceTree = "<group>";
		};
		D33121C42C1782D0005C6E27 /* View */ = {
			isa = PBXGroup;
			children = (
				009D4A732C1868120039E7B0 /* ProductsViewController.swift */,
				00DF67202C186DEF00734F38 /* ProducCollectionViewCell.swift */,
				00DF67212C186DEF00734F38 /* ProducCollectionViewCell.xib */,
			);
			path = View;
			sourceTree = "<group>";
		};
		D3AAA6FD2C0DD54D006006B7 /* Model */ = {
			isa = PBXGroup;
			children = (
			);
			path = Model;
			sourceTree = "<group>";
		};
		D3AAA6FE2C0DD568006006B7 /* SettingScreen */ = {
			isa = PBXGroup;
			children = (
				D3BDBBBA2C0FE63B0064F9D2 /* ViewModel */,
				D3AAA6FF2C0DD593006006B7 /* View */,
			);
			path = SettingScreen;
			sourceTree = "<group>";
		};
		D3AAA6FF2C0DD593006006B7 /* View */ = {
			isa = PBXGroup;
			children = (
				D3AAA7002C0DD5A0006006B7 /* SettingsViewControllerTableViewController.swift */,
			);
			path = View;
			sourceTree = "<group>";
		};
		D3AAA7022C0DD5D7006006B7 /* AddAddressScreen */ = {
			isa = PBXGroup;
			children = (
				D3AAA7052C0DD5FC006006B7 /* Model */,
				D3AAA7042C0DD5EF006006B7 /* ViewModel */,
				D3AAA7032C0DD5E8006006B7 /* View */,
			);
			path = AddAddressScreen;
			sourceTree = "<group>";
		};
		D3AAA7032C0DD5E8006006B7 /* View */ = {
			isa = PBXGroup;
			children = (
				D3AAA7082C0DD646006006B7 /* AddAddressInfoViewController.swift */,
			);
			path = View;
			sourceTree = "<group>";
		};
		D3AAA7042C0DD5EF006006B7 /* ViewModel */ = {
			isa = PBXGroup;
			children = (
				D3AAA70A2C0DDDD6006006B7 /* AddAddressViewModel.swift */,
			);
			path = ViewModel;
			sourceTree = "<group>";
		};
		D3AAA7052C0DD5FC006006B7 /* Model */ = {
			isa = PBXGroup;
			children = (
				D3AAA70C2C0DDE05006006B7 /* AddressModel.swift */,
			);
			path = Model;
			sourceTree = "<group>";
		};
		D3AAA70E2C0DDE7C006006B7 /* Services */ = {
			isa = PBXGroup;
			children = (
				D3AAA70F2C0DDE8D006006B7 /* NetworkHandler.swift */,
			);
			path = Services;
			sourceTree = "<group>";
		};
		D3B0B2272C1353A700623670 /* ShopingCartScreen  */ = {
			isa = PBXGroup;
			children = (
				D3B0B22A2C1353CD00623670 /* Model */,
				D3B0B2292C1353C400623670 /* VIewModel */,
				D3B0B2282C1353BC00623670 /* View */,
			);
			path = "ShopingCartScreen ";
			sourceTree = "<group>";
		};
		D3B0B2282C1353BC00623670 /* View */ = {
			isa = PBXGroup;
			children = (
				D3B0B22B2C1353ED00623670 /* ShoppingCartViewController.swift */,
			);
			path = View;
			sourceTree = "<group>";
		};
		D3B0B2292C1353C400623670 /* VIewModel */ = {
			isa = PBXGroup;
			children = (
				D3B0B22D2C13544300623670 /* ShopingCartViewModel.swift */,
			);
			path = VIewModel;
			sourceTree = "<group>";
		};
		D3B0B22A2C1353CD00623670 /* Model */ = {
			isa = PBXGroup;
			children = (
				D3B0B22F2C13545A00623670 /* ShopingCartModel.swift */,
				D3ABCBAC2C13AE9500DB7CB6 /* VarientModel.swift */,
			);
			path = Model;
			sourceTree = "<group>";
		};
		D3BDBBBA2C0FE63B0064F9D2 /* ViewModel */ = {
			isa = PBXGroup;
			children = (
				D3BDBBBB2C0FE6520064F9D2 /* SettingsViewModel.swift */,
			);
			path = ViewModel;
			sourceTree = "<group>";
		};
		D3D26CFE2C0BD1D000253D01 /* AddressScreen */ = {
			isa = PBXGroup;
			children = (
				D3AAA6FD2C0DD54D006006B7 /* Model */,
				D3D26D002C0BD20400253D01 /* ViewModel */,
				D3D26CFF2C0BD1FC00253D01 /* View */,
			);
			path = AddressScreen;
			sourceTree = "<group>";
		};
		D3D26CFF2C0BD1FC00253D01 /* View */ = {
			isa = PBXGroup;
			children = (
				D3D26D0A2C0BD39A00253D01 /* UserAddressesViewController.swift */,
			);
			path = View;
			sourceTree = "<group>";
		};
		D3D26D002C0BD20400253D01 /* ViewModel */ = {
			isa = PBXGroup;
			children = (
				D3AAA7112C0DDF5A006006B7 /* UserAddressesViewModel.swift */,
			);
			path = ViewModel;
			sourceTree = "<group>";
		};
/* End PBXGroup section */

/* Begin PBXNativeTarget section */
		D30AB68D2C032CA300C61F99 /* ShopifyApp */ = {
			isa = PBXNativeTarget;
			buildConfigurationList = D30AB6A22C032CA500C61F99 /* Build configuration list for PBXNativeTarget "ShopifyApp" */;
			buildPhases = (
				D30AB68A2C032CA300C61F99 /* Sources */,
				D30AB68B2C032CA300C61F99 /* Frameworks */,
				D30AB68C2C032CA300C61F99 /* Resources */,
			);
			buildRules = (
			);
			dependencies = (
			);
			name = ShopifyApp;
			packageProductDependencies = (
				38F312A82C15A51900A0112B /* Alamofire */,
				D33121B42C17599E005C6E27 /* Kingfisher */,
				D33121B72C175C90005C6E27 /* FirebaseAnalyticsSwift */,
				D33121B92C175C90005C6E27 /* FirebaseAuth */,
			);
			productName = ShopifyApp;
			productReference = D30AB68E2C032CA300C61F99 /* ShopifyApp.app */;
			productType = "com.apple.product-type.application";
		};
/* End PBXNativeTarget section */

/* Begin PBXProject section */
		D30AB6862C032CA300C61F99 /* Project object */ = {
			isa = PBXProject;
			attributes = {
				BuildIndependentTargetsInParallel = 1;
				LastSwiftUpdateCheck = 1540;
				LastUpgradeCheck = 1540;
				TargetAttributes = {
					D30AB68D2C032CA300C61F99 = {
						CreatedOnToolsVersion = 15.4;
					};
				};
			};
			buildConfigurationList = D30AB6892C032CA300C61F99 /* Build configuration list for PBXProject "ShopifyApp" */;
			compatibilityVersion = "Xcode 14.0";
			developmentRegion = en;
			hasScannedForEncodings = 0;
			knownRegions = (
				en,
				Base,
			);
			mainGroup = D30AB6852C032CA300C61F99;
			packageReferences = (
				D33121B02C17598C005C6E27 /* XCRemoteSwiftPackageReference "Alamofire" */,
				D33121B32C17599E005C6E27 /* XCRemoteSwiftPackageReference "Kingfisher" */,
				D33121B62C175C90005C6E27 /* XCRemoteSwiftPackageReference "firebase-ios-sdk" */,
			);
			productRefGroup = D30AB68F2C032CA300C61F99 /* Products */;
			projectDirPath = "";
			projectRoot = "";
			targets = (
				D30AB68D2C032CA300C61F99 /* ShopifyApp */,
			);
		};
/* End PBXProject section */

/* Begin PBXResourcesBuildPhase section */
		D30AB68C2C032CA300C61F99 /* Resources */ = {
			isa = PBXResourcesBuildPhase;
			buildActionMask = 2147483647;
			files = (
				D30AB6AE2C035FF800C61F99 /* Main.storyboard in Resources */,
				D3A4FF222C087768002D3381 /* CustomAddreesCell.xib in Resources */,
				D3A4FF202C08775A002D3381 /* CustomShoppingCartCellTableViewCell.xib in Resources */,
				D30AB69B2C032CA500C61F99 /* Assets.xcassets in Resources */,
				00C325862C084A5900422141 /* OrdersTableViewCell.xib in Resources */,
				D30AB69E2C032CA500C61F99 /* Base in Resources */,
				00DF67232C186DEF00734F38 /* ProducCollectionViewCell.xib in Resources */,
				D30AB6A82C032CC800C61F99 /* Part2.storyboard in Resources */,
				38A805F82C0DE7EA00DCF52D /* GoogleService-Info.plist in Resources */,
				00DF671D2C186B4B00734F38 /* Part1.storyboard in Resources */,
				D30AB6AA2C032CD300C61F99 /* Part3.storyboard in Resources */,
			);
			runOnlyForDeploymentPostprocessing = 0;
		};
/* End PBXResourcesBuildPhase section */

/* Begin PBXSourcesBuildPhase section */
		D30AB68A2C032CA300C61F99 /* Sources */ = {
			isa = PBXSourcesBuildPhase;
			buildActionMask = 2147483647;
			files = (
				00AC04992C19AFF000C14148 /* CategoriesViewController.swift in Sources */,
				D3B0B22C2C1353ED00623670 /* ShoppingCartViewController.swift in Sources */,
				00DF67142C186AA000734F38 /* Brands.swift in Sources */,
				009D4A722C1867940039E7B0 /* HomeViewModel.swift in Sources */,
				D3AAA70D2C0DDE05006006B7 /* AddressModel.swift in Sources */,
				D3A4FF242C087773002D3381 /* CustomShoppingCartCellTableViewCell.swift in Sources */,
				D3B0B22E2C13544300623670 /* ShopingCartViewModel.swift in Sources */,
				D3AAA7092C0DD646006006B7 /* AddAddressInfoViewController.swift in Sources */,
				D30AB6962C032CA300C61F99 /* ViewController.swift in Sources */,
				0078A34A2C0C8045000978B1 /* ProductCollectionViewCell.swift in Sources */,
				00DF67182C186AB800734F38 /* Categories.swift in Sources */,
				D30AB6922C032CA300C61F99 /* AppDelegate.swift in Sources */,
				38F312B22C15A63300A0112B /* PostedCustomerResponse.swift in Sources */,
				38F312BF2C15B1E300A0112B /* LoginViewModel.swift in Sources */,
				38F312C32C15BF5C00A0112B /* AllCustomerResponse.swift in Sources */,
				D33121E32C178E74005C6E27 /* BrandCollectionViewCell.swift in Sources */,
				38F312AD2C15A58800A0112B /* SignupViewModel.swift in Sources */,
				D33121E52C178EA6005C6E27 /* HomeScViewController.swift in Sources */,
				00DF67162C186AAA00734F38 /* Products.swift in Sources */,
				009D4A742C1868120039E7B0 /* ProductsViewController.swift in Sources */,
				38F312B62C15A68900A0112B /* SignupViewController.swift in Sources */,
				00DF671B2C186B2900734F38 /* Constants.swift in Sources */,
				3805635C2C15F3F300985A90 /* UserDefaultManager.swift in Sources */,
				D30AB6942C032CA300C61F99 /* SceneDelegate.swift in Sources */,
				38F312BD2C15B06A00A0112B /* LoginViewController.swift in Sources */,
				38F312B42C15A65F00A0112B /* DraftOrders.swift in Sources */,
				38F312B02C15A60300A0112B /* CustomerData.swift in Sources */,
				00DF67222C186DEF00734F38 /* ProducCollectionViewCell.swift in Sources */,
				D3ABCBAD2C13AE9500DB7CB6 /* VarientModel.swift in Sources */,
				D3BDBBBC2C0FE6520064F9D2 /* SettingsViewModel.swift in Sources */,
				D3AAA7012C0DD5A0006006B7 /* SettingsViewControllerTableViewController.swift in Sources */,
				D3AAA70B2C0DDDD6006006B7 /* AddAddressViewModel.swift in Sources */,
				D3AAA7142C0DDFB2006006B7 /* CustomAddreesCell.swift in Sources */,
				D3B0B2302C13545A00623670 /* ShopingCartModel.swift in Sources */,
				D3D26D0B2C0BD39A00253D01 /* UserAddressesViewController.swift in Sources */,
				D3AAA7122C0DDF5A006006B7 /* UserAddressesViewModel.swift in Sources */,
				D30AB6942C032CA300C61F99 /* SceneDelegate.swift in Sources */,
				D3AAA7102C0DDE8D006006B7 /* NetworkHandler.swift in Sources */,
			);
			runOnlyForDeploymentPostprocessing = 0;
		};
/* End PBXSourcesBuildPhase section */

/* Begin PBXVariantGroup section */
		D30AB69C2C032CA500C61F99 /* LaunchScreen.storyboard */ = {
			isa = PBXVariantGroup;
			children = (
				D30AB69D2C032CA500C61F99 /* Base */,
			);
			name = LaunchScreen.storyboard;
			sourceTree = "<group>";
		};
/* End PBXVariantGroup section */

/* Begin XCBuildConfiguration section */
		D30AB6A02C032CA500C61F99 /* Debug */ = {
			isa = XCBuildConfiguration;
			buildSettings = {
				ALWAYS_SEARCH_USER_PATHS = NO;
				ASSETCATALOG_COMPILER_GENERATE_SWIFT_ASSET_SYMBOL_EXTENSIONS = YES;
				CLANG_ANALYZER_NONNULL = YES;
				CLANG_ANALYZER_NUMBER_OBJECT_CONVERSION = YES_AGGRESSIVE;
				CLANG_CXX_LANGUAGE_STANDARD = "gnu++20";
				CLANG_ENABLE_MODULES = YES;
				CLANG_ENABLE_OBJC_ARC = YES;
				CLANG_ENABLE_OBJC_WEAK = YES;
				CLANG_WARN_BLOCK_CAPTURE_AUTORELEASING = YES;
				CLANG_WARN_BOOL_CONVERSION = YES;
				CLANG_WARN_COMMA = YES;
				CLANG_WARN_CONSTANT_CONVERSION = YES;
				CLANG_WARN_DEPRECATED_OBJC_IMPLEMENTATIONS = YES;
				CLANG_WARN_DIRECT_OBJC_ISA_USAGE = YES_ERROR;
				CLANG_WARN_DOCUMENTATION_COMMENTS = YES;
				CLANG_WARN_EMPTY_BODY = YES;
				CLANG_WARN_ENUM_CONVERSION = YES;
				CLANG_WARN_INFINITE_RECURSION = YES;
				CLANG_WARN_INT_CONVERSION = YES;
				CLANG_WARN_NON_LITERAL_NULL_CONVERSION = YES;
				CLANG_WARN_OBJC_IMPLICIT_RETAIN_SELF = YES;
				CLANG_WARN_OBJC_LITERAL_CONVERSION = YES;
				CLANG_WARN_OBJC_ROOT_CLASS = YES_ERROR;
				CLANG_WARN_QUOTED_INCLUDE_IN_FRAMEWORK_HEADER = YES;
				CLANG_WARN_RANGE_LOOP_ANALYSIS = YES;
				CLANG_WARN_STRICT_PROTOTYPES = YES;
				CLANG_WARN_SUSPICIOUS_MOVE = YES;
				CLANG_WARN_UNGUARDED_AVAILABILITY = YES_AGGRESSIVE;
				CLANG_WARN_UNREACHABLE_CODE = YES;
				CLANG_WARN__DUPLICATE_METHOD_MATCH = YES;
				COPY_PHASE_STRIP = NO;
				DEBUG_INFORMATION_FORMAT = dwarf;
				ENABLE_STRICT_OBJC_MSGSEND = YES;
				ENABLE_TESTABILITY = YES;
				ENABLE_USER_SCRIPT_SANDBOXING = YES;
				GCC_C_LANGUAGE_STANDARD = gnu17;
				GCC_DYNAMIC_NO_PIC = NO;
				GCC_NO_COMMON_BLOCKS = YES;
				GCC_OPTIMIZATION_LEVEL = 0;
				GCC_PREPROCESSOR_DEFINITIONS = (
					"DEBUG=1",
					"$(inherited)",
				);
				GCC_WARN_64_TO_32_BIT_CONVERSION = YES;
				GCC_WARN_ABOUT_RETURN_TYPE = YES_ERROR;
				GCC_WARN_UNDECLARED_SELECTOR = YES;
				GCC_WARN_UNINITIALIZED_AUTOS = YES_AGGRESSIVE;
				GCC_WARN_UNUSED_FUNCTION = YES;
				GCC_WARN_UNUSED_VARIABLE = YES;
				IPHONEOS_DEPLOYMENT_TARGET = 17.5;
				LOCALIZATION_PREFERS_STRING_CATALOGS = YES;
				MTL_ENABLE_DEBUG_INFO = INCLUDE_SOURCE;
				MTL_FAST_MATH = YES;
				ONLY_ACTIVE_ARCH = YES;
				SDKROOT = iphoneos;
				SWIFT_ACTIVE_COMPILATION_CONDITIONS = "DEBUG $(inherited)";
				SWIFT_OPTIMIZATION_LEVEL = "-Onone";
			};
			name = Debug;
		};
		D30AB6A12C032CA500C61F99 /* Release */ = {
			isa = XCBuildConfiguration;
			buildSettings = {
				ALWAYS_SEARCH_USER_PATHS = NO;
				ASSETCATALOG_COMPILER_GENERATE_SWIFT_ASSET_SYMBOL_EXTENSIONS = YES;
				CLANG_ANALYZER_NONNULL = YES;
				CLANG_ANALYZER_NUMBER_OBJECT_CONVERSION = YES_AGGRESSIVE;
				CLANG_CXX_LANGUAGE_STANDARD = "gnu++20";
				CLANG_ENABLE_MODULES = YES;
				CLANG_ENABLE_OBJC_ARC = YES;
				CLANG_ENABLE_OBJC_WEAK = YES;
				CLANG_WARN_BLOCK_CAPTURE_AUTORELEASING = YES;
				CLANG_WARN_BOOL_CONVERSION = YES;
				CLANG_WARN_COMMA = YES;
				CLANG_WARN_CONSTANT_CONVERSION = YES;
				CLANG_WARN_DEPRECATED_OBJC_IMPLEMENTATIONS = YES;
				CLANG_WARN_DIRECT_OBJC_ISA_USAGE = YES_ERROR;
				CLANG_WARN_DOCUMENTATION_COMMENTS = YES;
				CLANG_WARN_EMPTY_BODY = YES;
				CLANG_WARN_ENUM_CONVERSION = YES;
				CLANG_WARN_INFINITE_RECURSION = YES;
				CLANG_WARN_INT_CONVERSION = YES;
				CLANG_WARN_NON_LITERAL_NULL_CONVERSION = YES;
				CLANG_WARN_OBJC_IMPLICIT_RETAIN_SELF = YES;
				CLANG_WARN_OBJC_LITERAL_CONVERSION = YES;
				CLANG_WARN_OBJC_ROOT_CLASS = YES_ERROR;
				CLANG_WARN_QUOTED_INCLUDE_IN_FRAMEWORK_HEADER = YES;
				CLANG_WARN_RANGE_LOOP_ANALYSIS = YES;
				CLANG_WARN_STRICT_PROTOTYPES = YES;
				CLANG_WARN_SUSPICIOUS_MOVE = YES;
				CLANG_WARN_UNGUARDED_AVAILABILITY = YES_AGGRESSIVE;
				CLANG_WARN_UNREACHABLE_CODE = YES;
				CLANG_WARN__DUPLICATE_METHOD_MATCH = YES;
				COPY_PHASE_STRIP = NO;
				DEBUG_INFORMATION_FORMAT = "dwarf-with-dsym";
				ENABLE_NS_ASSERTIONS = NO;
				ENABLE_STRICT_OBJC_MSGSEND = YES;
				ENABLE_USER_SCRIPT_SANDBOXING = YES;
				GCC_C_LANGUAGE_STANDARD = gnu17;
				GCC_NO_COMMON_BLOCKS = YES;
				GCC_WARN_64_TO_32_BIT_CONVERSION = YES;
				GCC_WARN_ABOUT_RETURN_TYPE = YES_ERROR;
				GCC_WARN_UNDECLARED_SELECTOR = YES;
				GCC_WARN_UNINITIALIZED_AUTOS = YES_AGGRESSIVE;
				GCC_WARN_UNUSED_FUNCTION = YES;
				GCC_WARN_UNUSED_VARIABLE = YES;
				IPHONEOS_DEPLOYMENT_TARGET = 17.5;
				LOCALIZATION_PREFERS_STRING_CATALOGS = YES;
				MTL_ENABLE_DEBUG_INFO = NO;
				MTL_FAST_MATH = YES;
				SDKROOT = iphoneos;
				SWIFT_COMPILATION_MODE = wholemodule;
				VALIDATE_PRODUCT = YES;
			};
			name = Release;
		};
		D30AB6A32C032CA500C61F99 /* Debug */ = {
			isa = XCBuildConfiguration;
			buildSettings = {
				ASSETCATALOG_COMPILER_APPICON_NAME = AppIcon;
				ASSETCATALOG_COMPILER_GLOBAL_ACCENT_COLOR_NAME = AccentColor;
				CODE_SIGN_STYLE = Automatic;
				CURRENT_PROJECT_VERSION = 1;
				GENERATE_INFOPLIST_FILE = YES;
				INFOPLIST_FILE = ShopifyApp/Info.plist;
				INFOPLIST_KEY_UIApplicationSupportsIndirectInputEvents = YES;
				INFOPLIST_KEY_UILaunchStoryboardName = LaunchScreen;
				INFOPLIST_KEY_UIMainStoryboardFile = Main;
				INFOPLIST_KEY_UISupportedInterfaceOrientations_iPad = "UIInterfaceOrientationPortrait UIInterfaceOrientationPortraitUpsideDown UIInterfaceOrientationLandscapeLeft UIInterfaceOrientationLandscapeRight";
				INFOPLIST_KEY_UISupportedInterfaceOrientations_iPhone = "UIInterfaceOrientationPortrait UIInterfaceOrientationLandscapeLeft UIInterfaceOrientationLandscapeRight";
				IPHONEOS_DEPLOYMENT_TARGET = 14.0;
				LD_RUNPATH_SEARCH_PATHS = (
					"$(inherited)",
					"@executable_path/Frameworks",
				);
				MARKETING_VERSION = 1.0;
				PRODUCT_BUNDLE_IDENTIFIER = iti.ShopifyApp;
				PRODUCT_NAME = "$(TARGET_NAME)";
				SWIFT_EMIT_LOC_STRINGS = YES;
				SWIFT_VERSION = 5.0;
				TARGETED_DEVICE_FAMILY = "1,2";
			};
			name = Debug;
		};
		D30AB6A42C032CA500C61F99 /* Release */ = {
			isa = XCBuildConfiguration;
			buildSettings = {
				ASSETCATALOG_COMPILER_APPICON_NAME = AppIcon;
				ASSETCATALOG_COMPILER_GLOBAL_ACCENT_COLOR_NAME = AccentColor;
				CODE_SIGN_STYLE = Automatic;
				CURRENT_PROJECT_VERSION = 1;
				GENERATE_INFOPLIST_FILE = YES;
				INFOPLIST_FILE = ShopifyApp/Info.plist;
				INFOPLIST_KEY_UIApplicationSupportsIndirectInputEvents = YES;
				INFOPLIST_KEY_UILaunchStoryboardName = LaunchScreen;
				INFOPLIST_KEY_UIMainStoryboardFile = Main;
				INFOPLIST_KEY_UISupportedInterfaceOrientations_iPad = "UIInterfaceOrientationPortrait UIInterfaceOrientationPortraitUpsideDown UIInterfaceOrientationLandscapeLeft UIInterfaceOrientationLandscapeRight";
				INFOPLIST_KEY_UISupportedInterfaceOrientations_iPhone = "UIInterfaceOrientationPortrait UIInterfaceOrientationLandscapeLeft UIInterfaceOrientationLandscapeRight";
				IPHONEOS_DEPLOYMENT_TARGET = 14.0;
				LD_RUNPATH_SEARCH_PATHS = (
					"$(inherited)",
					"@executable_path/Frameworks",
				);
				MARKETING_VERSION = 1.0;
				PRODUCT_BUNDLE_IDENTIFIER = iti.ShopifyApp;
				PRODUCT_NAME = "$(TARGET_NAME)";
				SWIFT_EMIT_LOC_STRINGS = YES;
				SWIFT_VERSION = 5.0;
				TARGETED_DEVICE_FAMILY = "1,2";
			};
			name = Release;
		};
/* End XCBuildConfiguration section */

/* Begin XCConfigurationList section */
		D30AB6892C032CA300C61F99 /* Build configuration list for PBXProject "ShopifyApp" */ = {
			isa = XCConfigurationList;
			buildConfigurations = (
				D30AB6A02C032CA500C61F99 /* Debug */,
				D30AB6A12C032CA500C61F99 /* Release */,
			);
			defaultConfigurationIsVisible = 0;
			defaultConfigurationName = Release;
		};
		D30AB6A22C032CA500C61F99 /* Build configuration list for PBXNativeTarget "ShopifyApp" */ = {
			isa = XCConfigurationList;
			buildConfigurations = (
				D30AB6A32C032CA500C61F99 /* Debug */,
				D30AB6A42C032CA500C61F99 /* Release */,
			);
			defaultConfigurationIsVisible = 0;
			defaultConfigurationName = Release;
		};
/* End XCConfigurationList section */

/* Begin XCRemoteSwiftPackageReference section */
		D33121B02C17598C005C6E27 /* XCRemoteSwiftPackageReference "Alamofire" */ = {
			isa = XCRemoteSwiftPackageReference;
			repositoryURL = "https://github.com/Alamofire/Alamofire.git";
			requirement = {
				kind = upToNextMajorVersion;
				minimumVersion = 5.9.1;
			};
		};
		D33121B32C17599E005C6E27 /* XCRemoteSwiftPackageReference "Kingfisher" */ = {
			isa = XCRemoteSwiftPackageReference;
			repositoryURL = "https://github.com/onevcat/Kingfisher.git";
			requirement = {
				kind = upToNextMajorVersion;
				minimumVersion = 7.12.0;
			};
		};
		D33121B62C175C90005C6E27 /* XCRemoteSwiftPackageReference "firebase-ios-sdk" */ = {
			isa = XCRemoteSwiftPackageReference;
			repositoryURL = "https://github.com/firebase/firebase-ios-sdk";
			requirement = {
				kind = upToNextMajorVersion;
				minimumVersion = 10.27.0;
			};
		};
/* End XCRemoteSwiftPackageReference section */

/* Begin XCSwiftPackageProductDependency section */
		38F312A82C15A51900A0112B /* Alamofire */ = {
			isa = XCSwiftPackageProductDependency;
			productName = Alamofire;
		};
		D33121B42C17599E005C6E27 /* Kingfisher */ = {
			isa = XCSwiftPackageProductDependency;
			package = D33121B32C17599E005C6E27 /* XCRemoteSwiftPackageReference "Kingfisher" */;
			productName = Kingfisher;
		};
		D33121B72C175C90005C6E27 /* FirebaseAnalyticsSwift */ = {
			isa = XCSwiftPackageProductDependency;
			package = D33121B62C175C90005C6E27 /* XCRemoteSwiftPackageReference "firebase-ios-sdk" */;
			productName = FirebaseAnalyticsSwift;
		};
		D33121B92C175C90005C6E27 /* FirebaseAuth */ = {
			isa = XCSwiftPackageProductDependency;
			package = D33121B62C175C90005C6E27 /* XCRemoteSwiftPackageReference "firebase-ios-sdk" */;
			productName = FirebaseAuth;
		};
/* End XCSwiftPackageProductDependency section */
	};
	rootObject = D30AB6862C032CA300C61F99 /* Project object */;
}
