{
  "originHash" : "fd4e1c64479fac70f469400686f825d2c4620f27cebec7677015420aeb814a3d",
  "pins" : [
    {
      "identity" : "radiogroup",
      "kind" : "remoteSourceControl",
      "location" : "https://github.com/yonat/RadioGroup",
      "state" : {
        "revision" : "9681f865697d48ca3b23fdea4fd1cb0d3d00a7f5",
        "version" : "1.4.8"
      }
    },
    {
      "identity" : "sweeterswift",
      "kind" : "remoteSourceControl",
      "location" : "https://github.com/yonat/SweeterSwift",
      "state" : {
        "revision" : "d324c3ce0d021f8d1f11f10014ad597fad60e36c",
        "version" : "1.2.5"
      }
    }
  ],
  "version" : 3
}
